
Microsoft Visual Studio Solution File, Format Version 12.00
# Visual Studio Version 17
VisualStudioVersion = 17.7.34031.279
MinimumVisualStudioVersion = 10.0.40219.1
Project("{FAE04EC0-301F-11D3-BF4B-00C04F79EFBC}") = "OperationResult.MediatorIntegration", "OperationResult.MediatorIntegration.csproj", "{FCC0AB70-0F60-4077-8FB7-48E4268A09EB}"
EndProject
Global
	GlobalSection(SolutionConfigurationPlatforms) = preSolution
		Debug|Any CPU = Debug|Any CPU
		Release|Any CPU = Release|Any CPU
	EndGlobalSection
	GlobalSection(ProjectConfigurationPlatforms) = postSolution
		{FCC0AB70-0F60-4077-8FB7-48E4268A09EB}.Debug|Any CPU.ActiveCfg = Debug|Any CPU
		{FCC0AB70-0F60-4077-8FB7-48E4268A09EB}.Debug|Any CPU.Build.0 = Debug|Any CPU
		{FCC0AB70-0F60-4077-8FB7-48E4268A09EB}.Release|Any CPU.ActiveCfg = Release|Any CPU
		{FCC0AB70-0F60-4077-8FB7-48E4268A09EB}.Release|Any CPU.Build.0 = Release|Any CPU
	EndGlobalSection
	GlobalSection(SolutionProperties) = preSolution
		HideSolutionNode = FALSE
	EndGlobalSection
	GlobalSection(ExtensibilityGlobals) = postSolution
		SolutionGuid = {8F71FD7F-496B-497D-892C-C2A9C6611D24}
	EndGlobalSection
EndGlobal
